// !$*UTF8*$!
{
	archiveVersion = 1;
	classes = {
	};
	objectVersion = 50;
	objects = {

/* Begin PBXBuildFile section */
		5B4A433120D3A0DC008FC25E /* AppDelegate.m in Sources */ = {isa = PBXBuildFile; fileRef = 5B4A433020D3A0DC008FC25E /* AppDelegate.m */; };
		5B4A433420D3A0DC008FC25E /* ViewController.m in Sources */ = {isa = PBXBuildFile; fileRef = 5B4A433320D3A0DC008FC25E /* ViewController.m */; };
		5B4A433720D3A0DC008FC25E /* Main.storyboard in Resources */ = {isa = PBXBuildFile; fileRef = 5B4A433520D3A0DC008FC25E /* Main.storyboard */; };
		5B4A433920D3A0DD008FC25E /* Assets.xcassets in Resources */ = {isa = PBXBuildFile; fileRef = 5B4A433820D3A0DD008FC25E /* Assets.xcassets */; };
		5B4A433C20D3A0DD008FC25E /* LaunchScreen.storyboard in Resources */ = {isa = PBXBuildFile; fileRef = 5B4A433A20D3A0DD008FC25E /* LaunchScreen.storyboard */; };
		5B4A433F20D3A0DD008FC25E /* main.m in Sources */ = {isa = PBXBuildFile; fileRef = 5B4A433E20D3A0DD008FC25E /* main.m */; };
		5B4A434920D3A0DD008FC25E /* SWlinearScrollViewTests.m in Sources */ = {isa = PBXBuildFile; fileRef = 5B4A434820D3A0DD008FC25E /* SWlinearScrollViewTests.m */; };
		5B4A435420D3A0DD008FC25E /* SWlinearScrollViewUITests.m in Sources */ = {isa = PBXBuildFile; fileRef = 5B4A435320D3A0DD008FC25E /* SWlinearScrollViewUITests.m */; };
		5B4A436720D3A645008FC25E /* SWScrollModel.m in Sources */ = {isa = PBXBuildFile; fileRef = 5B4A436620D3A645008FC25E /* SWScrollModel.m */; };
		5B4A436A20D3A656008FC25E /* SWCarouseView.m in Sources */ = {isa = PBXBuildFile; fileRef = 5B4A436920D3A656008FC25E /* SWCarouseView.m */; };
		5B4A442020D3A774008FC25E /* UIView+ATExt.m in Sources */ = {isa = PBXBuildFile; fileRef = 5B4A441F20D3A774008FC25E /* UIView+ATExt.m */; };
/* End PBXBuildFile section */

/* Begin PBXContainerItemProxy section */
		5B4A434520D3A0DD008FC25E /* PBXContainerItemProxy */ = {
			isa = PBXContainerItemProxy;
			containerPortal = 5B4A432420D3A0DC008FC25E /* Project object */;
			proxyType = 1;
			remoteGlobalIDString = 5B4A432B20D3A0DC008FC25E;
			remoteInfo = SWlinearScrollView;
		};
		5B4A435020D3A0DD008FC25E /* PBXContainerItemProxy */ = {
			isa = PBXContainerItemProxy;
			containerPortal = 5B4A432420D3A0DC008FC25E /* Project object */;
			proxyType = 1;
			remoteGlobalIDString = 5B4A432B20D3A0DC008FC25E;
			remoteInfo = SWlinearScrollView;
		};
/* End PBXContainerItemProxy section */

/* Begin PBXFileReference section */
		5B4A432C20D3A0DC008FC25E /* SWlinearScrollView.app */ = {isa = PBXFileReference; explicitFileType = wrapper.application; includeInIndex = 0; path = SWlinearScrollView.app; sourceTree = BUILT_PRODUCTS_DIR; };
		5B4A432F20D3A0DC008FC25E /* AppDelegate.h */ = {isa = PBXFileReference; lastKnownFileType = sourcecode.c.h; path = AppDelegate.h; sourceTree = "<group>"; };
		5B4A433020D3A0DC008FC25E /* AppDelegate.m */ = {isa = PBXFileReference; lastKnownFileType = sourcecode.c.objc; path = AppDelegate.m; sourceTree = "<group>"; };
		5B4A433220D3A0DC008FC25E /* ViewController.h */ = {isa = PBXFileReference; lastKnownFileType = sourcecode.c.h; path = ViewController.h; sourceTree = "<group>"; };
		5B4A433320D3A0DC008FC25E /* ViewController.m */ = {isa = PBXFileReference; lastKnownFileType = sourcecode.c.objc; path = ViewController.m; sourceTree = "<group>"; };
		5B4A433620D3A0DC008FC25E /* Base */ = {isa = PBXFileReference; lastKnownFileType = file.storyboard; name = Base; path = Base.lproj/Main.storyboard; sourceTree = "<group>"; };
		5B4A433820D3A0DD008FC25E /* Assets.xcassets */ = {isa = PBXFileReference; lastKnownFileType = folder.assetcatalog; path = Assets.xcassets; sourceTree = "<group>"; };
		5B4A433B20D3A0DD008FC25E /* Base */ = {isa = PBXFileReference; lastKnownFileType = file.storyboard; name = Base; path = Base.lproj/LaunchScreen.storyboard; sourceTree = "<group>"; };
		5B4A433D20D3A0DD008FC25E /* Info.plist */ = {isa = PBXFileReference; lastKnownFileType = text.plist.xml; path = Info.plist; sourceTree = "<group>"; };
		5B4A433E20D3A0DD008FC25E /* main.m */ = {isa = PBXFileReference; lastKnownFileType = sourcecode.c.objc; path = main.m; sourceTree = "<group>"; };
		5B4A434420D3A0DD008FC25E /* SWlinearScrollViewTests.xctest */ = {isa = PBXFileReference; explicitFileType = wrapper.cfbundle; includeInIndex = 0; path = SWlinearScrollViewTests.xctest; sourceTree = BUILT_PRODUCTS_DIR; };
		5B4A434820D3A0DD008FC25E /* SWlinearScrollViewTests.m */ = {isa = PBXFileReference; lastKnownFileType = sourcecode.c.objc; path = SWlinearScrollViewTests.m; sourceTree = "<group>"; };
		5B4A434A20D3A0DD008FC25E /* Info.plist */ = {isa = PBXFileReference; lastKnownFileType = text.plist.xml; path = Info.plist; sourceTree = "<group>"; };
		5B4A434F20D3A0DD008FC25E /* SWlinearScrollViewUITests.xctest */ = {isa = PBXFileReference; explicitFileType = wrapper.cfbundle; includeInIndex = 0; path = SWlinearScrollViewUITests.xctest; sourceTree = BUILT_PRODUCTS_DIR; };
		5B4A435320D3A0DD008FC25E /* SWlinearScrollViewUITests.m */ = {isa = PBXFileReference; lastKnownFileType = sourcecode.c.objc; path = SWlinearScrollViewUITests.m; sourceTree = "<group>"; };
		5B4A435520D3A0DD008FC25E /* Info.plist */ = {isa = PBXFileReference; lastKnownFileType = text.plist.xml; path = Info.plist; sourceTree = "<group>"; };
		5B4A436520D3A645008FC25E /* SWScrollModel.h */ = {isa = PBXFileReference; lastKnownFileType = sourcecode.c.h; path = SWScrollModel.h; sourceTree = "<group>"; };
		5B4A436620D3A645008FC25E /* SWScrollModel.m */ = {isa = PBXFileReference; lastKnownFileType = sourcecode.c.objc; path = SWScrollModel.m; sourceTree = "<group>"; };
		5B4A436820D3A656008FC25E /* SWCarouseView.h */ = {isa = PBXFileReference; lastKnownFileType = sourcecode.c.h; path = SWCarouseView.h; sourceTree = "<group>"; };
		5B4A436920D3A656008FC25E /* SWCarouseView.m */ = {isa = PBXFileReference; lastKnownFileType = sourcecode.c.objc; path = SWCarouseView.m; sourceTree = "<group>"; };
		5B4A441E20D3A774008FC25E /* UIView+ATExt.h */ = {isa = PBXFileReference; fileEncoding = 4; lastKnownFileType = sourcecode.c.h; path = "UIView+ATExt.h"; sourceTree = "<group>"; };
		5B4A441F20D3A774008FC25E /* UIView+ATExt.m */ = {isa = PBXFileReference; fileEncoding = 4; lastKnownFileType = sourcecode.c.objc; path = "UIView+ATExt.m"; sourceTree = "<group>"; };
/* End PBXFileReference section */

/* Begin PBXFrameworksBuildPhase section */
		5B4A432920D3A0DC008FC25E /* Frameworks */ = {
			isa = PBXFrameworksBuildPhase;
			buildActionMask = 2147483647;
			files = (
			);
			runOnlyForDeploymentPostprocessing = 0;
		};
		5B4A434120D3A0DD008FC25E /* Frameworks */ = {
			isa = PBXFrameworksBuildPhase;
			buildActionMask = 2147483647;
			files = (
			);
			runOnlyForDeploymentPostprocessing = 0;
		};
		5B4A434C20D3A0DD008FC25E /* Frameworks */ = {
			isa = PBXFrameworksBuildPhase;
			buildActionMask = 2147483647;
			files = (
			);
			runOnlyForDeploymentPostprocessing = 0;
		};
/* End PBXFrameworksBuildPhase section */

/* Begin PBXGroup section */
		5B4A432320D3A0DC008FC25E = {
			isa = PBXGroup;
			children = (
				5B4A432E20D3A0DC008FC25E /* SWlinearScrollView */,
				5B4A434720D3A0DD008FC25E /* SWlinearScrollViewTests */,
				5B4A435220D3A0DD008FC25E /* SWlinearScrollViewUITests */,
				5B4A432D20D3A0DC008FC25E /* Products */,
			);
			sourceTree = "<group>";
		};
		5B4A432D20D3A0DC008FC25E /* Products */ = {
			isa = PBXGroup;
			children = (
				5B4A432C20D3A0DC008FC25E /* SWlinearScrollView.app */,
				5B4A434420D3A0DD008FC25E /* SWlinearScrollViewTests.xctest */,
				5B4A434F20D3A0DD008FC25E /* SWlinearScrollViewUITests.xctest */,
			);
			name = Products;
			sourceTree = "<group>";
		};
		5B4A432E20D3A0DC008FC25E /* SWlinearScrollView */ = {
			isa = PBXGroup;
			children = (
				5B4A441E20D3A774008FC25E /* UIView+ATExt.h */,
				5B4A441F20D3A774008FC25E /* UIView+ATExt.m */,
				5B4A436120D3A61E008FC25E /* SWScrollView */,
				5B4A432F20D3A0DC008FC25E /* AppDelegate.h */,
				5B4A433020D3A0DC008FC25E /* AppDelegate.m */,
				5B4A433220D3A0DC008FC25E /* ViewController.h */,
				5B4A433320D3A0DC008FC25E /* ViewController.m */,
				5B4A433520D3A0DC008FC25E /* Main.storyboard */,
				5B4A433820D3A0DD008FC25E /* Assets.xcassets */,
				5B4A433A20D3A0DD008FC25E /* LaunchScreen.storyboard */,
				5B4A433D20D3A0DD008FC25E /* Info.plist */,
				5B4A433E20D3A0DD008FC25E /* main.m */,
			);
			path = SWlinearScrollView;
			sourceTree = "<group>";
		};
		5B4A434720D3A0DD008FC25E /* SWlinearScrollViewTests */ = {
			isa = PBXGroup;
			children = (
				5B4A434820D3A0DD008FC25E /* SWlinearScrollViewTests.m */,
				5B4A434A20D3A0DD008FC25E /* Info.plist */,
			);
			path = SWlinearScrollViewTests;
			sourceTree = "<group>";
		};
		5B4A435220D3A0DD008FC25E /* SWlinearScrollViewUITests */ = {
			isa = PBXGroup;
			children = (
				5B4A435320D3A0DD008FC25E /* SWlinearScrollViewUITests.m */,
				5B4A435520D3A0DD008FC25E /* Info.plist */,
			);
			path = SWlinearScrollViewUITests;
			sourceTree = "<group>";
		};
		5B4A436120D3A61E008FC25E /* SWScrollView */ = {
			isa = PBXGroup;
			children = (
				5B4A436520D3A645008FC25E /* SWScrollModel.h */,
				5B4A436620D3A645008FC25E /* SWScrollModel.m */,
				5B4A436820D3A656008FC25E /* SWCarouseView.h */,
				5B4A436920D3A656008FC25E /* SWCarouseView.m */,
			);
			path = SWScrollView;
			sourceTree = "<group>";
		};
/* End PBXGroup section */

/* Begin PBXNativeTarget section */
		5B4A432B20D3A0DC008FC25E /* SWlinearScrollView */ = {
			isa = PBXNativeTarget;
			buildConfigurationList = 5B4A435820D3A0DD008FC25E /* Build configuration list for PBXNativeTarget "SWlinearScrollView" */;
			buildPhases = (
				5B4A432820D3A0DC008FC25E /* Sources */,
				5B4A432920D3A0DC008FC25E /* Frameworks */,
				5B4A432A20D3A0DC008FC25E /* Resources */,
			);
			buildRules = (
			);
			dependencies = (
			);
			name = SWlinearScrollView;
			productName = SWlinearScrollView;
			productReference = 5B4A432C20D3A0DC008FC25E /* SWlinearScrollView.app */;
			productType = "com.apple.product-type.application";
		};
		5B4A434320D3A0DD008FC25E /* SWlinearScrollViewTests */ = {
			isa = PBXNativeTarget;
			buildConfigurationList = 5B4A435B20D3A0DD008FC25E /* Build configuration list for PBXNativeTarget "SWlinearScrollViewTests" */;
			buildPhases = (
				5B4A434020D3A0DD008FC25E /* Sources */,
				5B4A434120D3A0DD008FC25E /* Frameworks */,
				5B4A434220D3A0DD008FC25E /* Resources */,
			);
			buildRules = (
			);
			dependencies = (
				5B4A434620D3A0DD008FC25E /* PBXTargetDependency */,
			);
			name = SWlinearScrollViewTests;
			productName = SWlinearScrollViewTests;
			productReference = 5B4A434420D3A0DD008FC25E /* SWlinearScrollViewTests.xctest */;
			productType = "com.apple.product-type.bundle.unit-test";
		};
		5B4A434E20D3A0DD008FC25E /* SWlinearScrollViewUITests */ = {
			isa = PBXNativeTarget;
			buildConfigurationList = 5B4A435E20D3A0DD008FC25E /* Build configuration list for PBXNativeTarget "SWlinearScrollViewUITests" */;
			buildPhases = (
				5B4A434B20D3A0DD008FC25E /* Sources */,
				5B4A434C20D3A0DD008FC25E /* Frameworks */,
				5B4A434D20D3A0DD008FC25E /* Resources */,
			);
			buildRules = (
			);
			dependencies = (
				5B4A435120D3A0DD008FC25E /* PBXTargetDependency */,
			);
			name = SWlinearScrollViewUITests;
			productName = SWlinearScrollViewUITests;
			productReference = 5B4A434F20D3A0DD008FC25E /* SWlinearScrollViewUITests.xctest */;
			productType = "com.apple.product-type.bundle.ui-testing";
		};
/* End PBXNativeTarget section */

/* Begin PBXProject section */
		5B4A432420D3A0DC008FC25E /* Project object */ = {
			isa = PBXProject;
			attributes = {
				LastUpgradeCheck = 0940;
				ORGANIZATIONNAME = "Shiwen Huang";
				TargetAttributes = {
					5B4A432B20D3A0DC008FC25E = {
						CreatedOnToolsVersion = 9.4;
					};
					5B4A434320D3A0DD008FC25E = {
						CreatedOnToolsVersion = 9.4;
						TestTargetID = 5B4A432B20D3A0DC008FC25E;
					};
					5B4A434E20D3A0DD008FC25E = {
						CreatedOnToolsVersion = 9.4;
						TestTargetID = 5B4A432B20D3A0DC008FC25E;
					};
				};
			};
			buildConfigurationList = 5B4A432720D3A0DC008FC25E /* Build configuration list for PBXProject "SWlinearScrollView" */;
			compatibilityVersion = "Xcode 9.3";
			developmentRegion = en;
			hasScannedForEncodings = 0;
			knownRegions = (
				en,
				Base,
			);
			mainGroup = 5B4A432320D3A0DC008FC25E;
			productRefGroup = 5B4A432D20D3A0DC008FC25E /* Products */;
			projectDirPath = "";
			projectRoot = "";
			targets = (
				5B4A432B20D3A0DC008FC25E /* SWlinearScrollView */,
				5B4A434320D3A0DD008FC25E /* SWlinearScrollViewTests */,
				5B4A434E20D3A0DD008FC25E /* SWlinearScrollViewUITests */,
			);
		};
/* End PBXProject section */

/* Begin PBXResourcesBuildPhase section */
		5B4A432A20D3A0DC008FC25E /* Resources */ = {
			isa = PBXResourcesBuildPhase;
			buildActionMask = 2147483647;
			files = (
				5B4A433C20D3A0DD008FC25E /* LaunchScreen.storyboard in Resources */,
				5B4A433920D3A0DD008FC25E /* Assets.xcassets in Resources */,
				5B4A433720D3A0DC008FC25E /* Main.storyboard in Resources */,
			);
			runOnlyForDeploymentPostprocessing = 0;
		};
		5B4A434220D3A0DD008FC25E /* Resources */ = {
			isa = PBXResourcesBuildPhase;
			buildActionMask = 2147483647;
			files = (
			);
			runOnlyForDeploymentPostprocessing = 0;
		};
		5B4A434D20D3A0DD008FC25E /* Resources */ = {
			isa = PBXResourcesBuildPhase;
			buildActionMask = 2147483647;
			files = (
			);
			runOnlyForDeploymentPostprocessing = 0;
		};
/* End PBXResourcesBuildPhase section */

/* Begin PBXSourcesBuildPhase section */
		5B4A432820D3A0DC008FC25E /* Sources */ = {
			isa = PBXSourcesBuildPhase;
			buildActionMask = 2147483647;
			files = (
				5B4A436720D3A645008FC25E /* SWScrollModel.m in Sources */,
				5B4A433420D3A0DC008FC25E /* ViewController.m in Sources */,
				5B4A433F20D3A0DD008FC25E /* main.m in Sources */,
				5B4A436A20D3A656008FC25E /* SWCarouseView.m in Sources */,
				5B4A433120D3A0DC008FC25E /* AppDelegate.m in Sources */,
				5B4A442020D3A774008FC25E /* UIView+ATExt.m in Sources */,
			);
			runOnlyForDeploymentPostprocessing = 0;
		};
		5B4A434020D3A0DD008FC25E /* Sources */ = {
			isa = PBXSourcesBuildPhase;
			buildActionMask = 2147483647;
			files = (
				5B4A434920D3A0DD008FC25E /* SWlinearScrollViewTests.m in Sources */,
			);
			runOnlyForDeploymentPostprocessing = 0;
		};
		5B4A434B20D3A0DD008FC25E /* Sources */ = {
			isa = PBXSourcesBuildPhase;
			buildActionMask = 2147483647;
			files = (
				5B4A435420D3A0DD008FC25E /* SWlinearScrollViewUITests.m in Sources */,
			);
			runOnlyForDeploymentPostprocessing = 0;
		};
/* End PBXSourcesBuildPhase section */

/* Begin PBXTargetDependency section */
		5B4A434620D3A0DD008FC25E /* PBXTargetDependency */ = {
			isa = PBXTargetDependency;
			target = 5B4A432B20D3A0DC008FC25E /* SWlinearScrollView */;
			targetProxy = 5B4A434520D3A0DD008FC25E /* PBXContainerItemProxy */;
		};
		5B4A435120D3A0DD008FC25E /* PBXTargetDependency */ = {
			isa = PBXTargetDependency;
			target = 5B4A432B20D3A0DC008FC25E /* SWlinearScrollView */;
			targetProxy = 5B4A435020D3A0DD008FC25E /* PBXContainerItemProxy */;
		};
/* End PBXTargetDependency section */

/* Begin PBXVariantGroup section */
		5B4A433520D3A0DC008FC25E /* Main.storyboard */ = {
			isa = PBXVariantGroup;
			children = (
				5B4A433620D3A0DC008FC25E /* Base */,
			);
			name = Main.storyboard;
			sourceTree = "<group>";
		};
		5B4A433A20D3A0DD008FC25E /* LaunchScreen.storyboard */ = {
			isa = PBXVariantGroup;
			children = (
				5B4A433B20D3A0DD008FC25E /* Base */,
			);
			name = LaunchScreen.storyboard;
			sourceTree = "<group>";
		};
/* End PBXVariantGroup section */

/* Begin XCBuildConfiguration section */
		5B4A435620D3A0DD008FC25E /* Debug */ = {
			isa = XCBuildConfiguration;
			buildSettings = {
				ALWAYS_SEARCH_USER_PATHS = NO;
				CLANG_ANALYZER_NONNULL = YES;
				CLANG_ANALYZER_NUMBER_OBJECT_CONVERSION = YES_AGGRESSIVE;
				CLANG_CXX_LANGUAGE_STANDARD = "gnu++14";
				CLANG_CXX_LIBRARY = "libc++";
				CLANG_ENABLE_MODULES = YES;
				CLANG_ENABLE_OBJC_ARC = YES;
				CLANG_ENABLE_OBJC_WEAK = YES;
				CLANG_WARN_BLOCK_CAPTURE_AUTORELEASING = YES;
				CLANG_WARN_BOOL_CONVERSION = YES;
				CLANG_WARN_COMMA = YES;
				CLANG_WARN_CONSTANT_CONVERSION = YES;
				CLANG_WARN_DEPRECATED_OBJC_IMPLEMENTATIONS = YES;
				CLANG_WARN_DIRECT_OBJC_ISA_USAGE = YES_ERROR;
				CLANG_WARN_DOCUMENTATION_COMMENTS = YES;
				CLANG_WARN_EMPTY_BODY = YES;
				CLANG_WARN_ENUM_CONVERSION = YES;
				CLANG_WARN_INFINITE_RECURSION = YES;
				CLANG_WARN_INT_CONVERSION = YES;
				CLANG_WARN_NON_LITERAL_NULL_CONVERSION = YES;
				CLANG_WARN_OBJC_IMPLICIT_RETAIN_SELF = YES;
				CLANG_WARN_OBJC_LITERAL_CONVERSION = YES;
				CLANG_WARN_OBJC_ROOT_CLASS = YES_ERROR;
				CLANG_WARN_RANGE_LOOP_ANALYSIS = YES;
				CLANG_WARN_STRICT_PROTOTYPES = YES;
				CLANG_WARN_SUSPICIOUS_MOVE = YES;
				CLANG_WARN_UNGUARDED_AVAILABILITY = YES_AGGRESSIVE;
				CLANG_WARN_UNREACHABLE_CODE = YES;
				CLANG_WARN__DUPLICATE_METHOD_MATCH = YES;
				CODE_SIGN_IDENTITY = "iPhone Developer";
				COPY_PHASE_STRIP = NO;
				DEBUG_INFORMATION_FORMAT = dwarf;
				ENABLE_STRICT_OBJC_MSGSEND = YES;
				ENABLE_TESTABILITY = YES;
				GCC_C_LANGUAGE_STANDARD = gnu11;
				GCC_DYNAMIC_NO_PIC = NO;
				GCC_NO_COMMON_BLOCKS = YES;
				GCC_OPTIMIZATION_LEVEL = 0;
				GCC_PREPROCESSOR_DEFINITIONS = (
					"DEBUG=1",
					"$(inherited)",
				);
				GCC_WARN_64_TO_32_BIT_CONVERSION = YES;
				GCC_WARN_ABOUT_RETURN_TYPE = YES_ERROR;
				GCC_WARN_UNDECLARED_SELECTOR = YES;
				GCC_WARN_UNINITIALIZED_AUTOS = YES_AGGRESSIVE;
				GCC_WARN_UNUSED_FUNCTION = YES;
				GCC_WARN_UNUSED_VARIABLE = YES;
				IPHONEOS_DEPLOYMENT_TARGET = 11.4;
				MTL_ENABLE_DEBUG_INFO = YES;
				ONLY_ACTIVE_ARCH = YES;
				SDKROOT = iphoneos;
			};
			name = Debug;
		};
		5B4A435720D3A0DD008FC25E /* Release */ = {
			isa = XCBuildConfiguration;
			buildSettings = {
				ALWAYS_SEARCH_USER_PATHS = NO;
				CLANG_ANALYZER_NONNULL = YES;
				CLANG_ANALYZER_NUMBER_OBJECT_CONVERSION = YES_AGGRESSIVE;
				CLANG_CXX_LANGUAGE_STANDARD = "gnu++14";
				CLANG_CXX_LIBRARY = "libc++";
				CLANG_ENABLE_MODULES = YES;
				CLANG_ENABLE_OBJC_ARC = YES;
				CLANG_ENABLE_OBJC_WEAK = YES;
				CLANG_WARN_BLOCK_CAPTURE_AUTORELEASING = YES;
				CLANG_WARN_BOOL_CONVERSION = YES;
				CLANG_WARN_COMMA = YES;
				CLANG_WARN_CONSTANT_CONVERSION = YES;
				CLANG_WARN_DEPRECATED_OBJC_IMPLEMENTATIONS = YES;
				CLANG_WARN_DIRECT_OBJC_ISA_USAGE = YES_ERROR;
				CLANG_WARN_DOCUMENTATION_COMMENTS = YES;
				CLANG_WARN_EMPTY_BODY = YES;
				CLANG_WARN_ENUM_CONVERSION = YES;
				CLANG_WARN_INFINITE_RECURSION = YES;
				CLANG_WARN_INT_CONVERSION = YES;
				CLANG_WARN_NON_LITERAL_NULL_CONVERSION = YES;
				CLANG_WARN_OBJC_IMPLICIT_RETAIN_SELF = YES;
				CLANG_WARN_OBJC_LITERAL_CONVERSION = YES;
				CLANG_WARN_OBJC_ROOT_CLASS = YES_ERROR;
				CLANG_WARN_RANGE_LOOP_ANALYSIS = YES;
				CLANG_WARN_STRICT_PROTOTYPES = YES;
				CLANG_WARN_SUSPICIOUS_MOVE = YES;
				CLANG_WARN_UNGUARDED_AVAILABILITY = YES_AGGRESSIVE;
				CLANG_WARN_UNREACHABLE_CODE = YES;
				CLANG_WARN__DUPLICATE_METHOD_MATCH = YES;
				CODE_SIGN_IDENTITY = "iPhone Developer";
				COPY_PHASE_STRIP = NO;
				DEBUG_INFORMATION_FORMAT = "dwarf-with-dsym";
				ENABLE_NS_ASSERTIONS = NO;
				ENABLE_STRICT_OBJC_MSGSEND = YES;
				GCC_C_LANGUAGE_STANDARD = gnu11;
				GCC_NO_COMMON_BLOCKS = YES;
				GCC_WARN_64_TO_32_BIT_CONVERSION = YES;
				GCC_WARN_ABOUT_RETURN_TYPE = YES_ERROR;
				GCC_WARN_UNDECLARED_SELECTOR = YES;
				GCC_WARN_UNINITIALIZED_AUTOS = YES_AGGRESSIVE;
				GCC_WARN_UNUSED_FUNCTION = YES;
				GCC_WARN_UNUSED_VARIABLE = YES;
				IPHONEOS_DEPLOYMENT_TARGET = 11.4;
				MTL_ENABLE_DEBUG_INFO = NO;
				SDKROOT = iphoneos;
				VALIDATE_PRODUCT = YES;
			};
			name = Release;
		};
		5B4A435920D3A0DD008FC25E /* Debug */ = {
			isa = XCBuildConfiguration;
			buildSettings = {
				ASSETCATALOG_COMPILER_APPICON_NAME = AppIcon;
				CODE_SIGN_STYLE = Automatic;
				FRAMEWORK_SEARCH_PATHS = (
					"$(inherited)",
					"$(PROJECT_DIR)/SWlinearScrollView/SDWebImage",
				);
				GCC_PREPROCESSOR_DEFINITIONS = "SD_WEBP=1";
				INFOPLIST_FILE = SWlinearScrollView/Info.plist;
				IPHONEOS_DEPLOYMENT_TARGET = 9.0;
				LD_RUNPATH_SEARCH_PATHS = (
					"$(inherited)",
					"@executable_path/Frameworks",
				);
				PRODUCT_BUNDLE_IDENTIFIER = com.at.Project.SWlinearScrollView;
				PRODUCT_NAME = "$(TARGET_NAME)";
				TARGETED_DEVICE_FAMILY = "1,2";
			};
			name = Debug;
		};
		5B4A435A20D3A0DD008FC25E /* Release */ = {
			isa = XCBuildConfiguration;
			buildSettings = {
				ASSETCATALOG_COMPILER_APPICON_NAME = AppIcon;
				CODE_SIGN_STYLE = Automatic;
				FRAMEWORK_SEARCH_PATHS = (
					"$(inherited)",
					"$(PROJECT_DIR)/SWlinearScrollView/SDWebImage",
				);
				GCC_PREPROCESSOR_DEFINITIONS = "SD_WEBP=1";
				INFOPLIST_FILE = SWlinearScrollView/Info.plist;
				IPHONEOS_DEPLOYMENT_TARGET = 9.0;
				LD_RUNPATH_SEARCH_PATHS = (
					"$(inherited)",
					"@executable_path/Frameworks",
				);
				PRODUCT_BUNDLE_IDENTIFIER = com.at.Project.SWlinearScrollView;
				PRODUCT_NAME = "$(TARGET_NAME)";
				TARGETED_DEVICE_FAMILY = "1,2";
			};
			name = Release;
		};
		5B4A435C20D3A0DD008FC25E /* Debug */ = {
			isa = XCBuildConfiguration;
			buildSettings = {
				BUNDLE_LOADER = "$(TEST_HOST)";
				CODE_SIGN_STYLE = Automatic;
				INFOPLIST_FILE = SWlinearScrollViewTests/Info.plist;
				LD_RUNPATH_SEARCH_PATHS = (
					"$(inherited)",
					"@executable_path/Frameworks",
					"@loader_path/Frameworks",
				);
				PRODUCT_BUNDLE_IDENTIFIER = com.at.Project.SWlinearScrollViewTests;
				PRODUCT_NAME = "$(TARGET_NAME)";
				TARGETED_DEVICE_FAMILY = "1,2";
				TEST_HOST = "$(BUILT_PRODUCTS_DIR)/SWlinearScrollView.app/SWlinearScrollView";
			};
			name = Debug;
		};
		5B4A435D20D3A0DD008FC25E /* Release */ = {
			isa = XCBuildConfiguration;
			buildSettings = {
				BUNDLE_LOADER = "$(TEST_HOST)";
				CODE_SIGN_STYLE = Automatic;
				INFOPLIST_FILE = SWlinearScrollViewTests/Info.plist;
				LD_RUNPATH_SEARCH_PATHS = (
					"$(inherited)",
					"@executable_path/Frameworks",
					"@loader_path/Frameworks",
				);
				PRODUCT_BUNDLE_IDENTIFIER = com.at.Project.SWlinearScrollViewTests;
				PRODUCT_NAME = "$(TARGET_NAME)";
				TARGETED_DEVICE_FAMILY = "1,2";
				TEST_HOST = "$(BUILT_PRODUCTS_DIR)/SWlinearScrollView.app/SWlinearScrollView";
			};
			name = Release;
		};
		5B4A435F20D3A0DD008FC25E /* Debug */ = {
			isa = XCBuildConfiguration;
			buildSettings = {
				CODE_SIGN_STYLE = Automatic;
				INFOPLIST_FILE = SWlinearScrollViewUITests/Info.plist;
				LD_RUNPATH_SEARCH_PATHS = (
					"$(inherited)",
					"@executable_path/Frameworks",
					"@loader_path/Frameworks",
				);
				PRODUCT_BUNDLE_IDENTIFIER = com.at.Project.SWlinearScrollViewUITests;
				PRODUCT_NAME = "$(TARGET_NAME)";
				TARGETED_DEVICE_FAMILY = "1,2";
				TEST_TARGET_NAME = SWlinearScrollView;
			};
			name = Debug;
		};
		5B4A436020D3A0DD008FC25E /* Release */ = {
			isa = XCBuildConfiguration;
			buildSettings = {
				CODE_SIGN_STYLE = Automatic;
				INFOPLIST_FILE = SWlinearScrollViewUITests/Info.plist;
				LD_RUNPATH_SEARCH_PATHS = (
					"$(inherited)",
					"@executable_path/Frameworks",
					"@loader_path/Frameworks",
				);
				PRODUCT_BUNDLE_IDENTIFIER = com.at.Project.SWlinearScrollViewUITests;
				PRODUCT_NAME = "$(TARGET_NAME)";
				TARGETED_DEVICE_FAMILY = "1,2";
				TEST_TARGET_NAME = SWlinearScrollView;
			};
			name = Release;
		};
/* End XCBuildConfiguration section */

/* Begin XCConfigurationList section */
		5B4A432720D3A0DC008FC25E /* Build configuration list for PBXProject "SWlinearScrollView" */ = {
			isa = XCConfigurationList;
			buildConfigurations = (
				5B4A435620D3A0DD008FC25E /* Debug */,
				5B4A435720D3A0DD008FC25E /* Release */,
			);
			defaultConfigurationIsVisible = 0;
			defaultConfigurationName = Release;
		};
		5B4A435820D3A0DD008FC25E /* Build configuration list for PBXNativeTarget "SWlinearScrollView" */ = {
			isa = XCConfigurationList;
			buildConfigurations = (
				5B4A435920D3A0DD008FC25E /* Debug */,
				5B4A435A20D3A0DD008FC25E /* Release */,
			);
			defaultConfigurationIsVisible = 0;
			defaultConfigurationName = Release;
		};
		5B4A435B20D3A0DD008FC25E /* Build configuration list for PBXNativeTarget "SWlinearScrollViewTests" */ = {
			isa = XCConfigurationList;
			buildConfigurations = (
				5B4A435C20D3A0DD008FC25E /* Debug */,
				5B4A435D20D3A0DD008FC25E /* Release */,
			);
			defaultConfigurationIsVisible = 0;
			defaultConfigurationName = Release;
		};
		5B4A435E20D3A0DD008FC25E /* Build configuration list for PBXNativeTarget "SWlinearScrollViewUITests" */ = {
			isa = XCConfigurationList;
			buildConfigurations = (
				5B4A435F20D3A0DD008FC25E /* Debug */,
				5B4A436020D3A0DD008FC25E /* Release */,
			);
			defaultConfigurationIsVisible = 0;
			defaultConfigurationName = Release;
		};
/* End XCConfigurationList section */
	};
	rootObject = 5B4A432420D3A0DC008FC25E /* Project object */;
}
